
Microsoft Visual Studio Solution File, Format Version 12.00
# Visual Studio Version 16
VisualStudioVersion = 16.0.30717.126
MinimumVisualStudioVersion = 10.0.40219.1
Project("{9A19103F-16F7-4668-BE54-9A1E7A4F7556}") = "CircuitBreaker.Models", "CircuitBreaker.Models\CircuitBreaker.Models.csproj", "{11668439-5FD6-4E79-8087-2140D9577D61}"
EndProject
Project("{FAE04EC0-301F-11D3-BF4B-00C04F79EFBC}") = "CircuitBreaker.Server", "CircuitBreaker.Server\CircuitBreaker.Server.csproj", "{3A39F7A6-6E21-482D-8F75-AC4AC03979EE}"
EndProject
Project("{FAE04EC0-301F-11D3-BF4B-00C04F79EFBC}") = "CircuitBreaker.Client", "CircuitBreaker.Client\CircuitBreaker.Client.csproj", "{4ACC4185-50BF-467C-9107-239EB2841514}"
EndProject
Global
	GlobalSection(SolutionConfigurationPlatforms) = preSolution
		Debug|Any CPU = Debug|Any CPU
		Release|Any CPU = Release|Any CPU
	EndGlobalSection
	GlobalSection(ProjectConfigurationPlatforms) = postSolution
		{11668439-5FD6-4E79-8087-2140D9577D61}.Debug|Any CPU.ActiveCfg = Debug|Any CPU
		{11668439-5FD6-4E79-8087-2140D9577D61}.Debug|Any CPU.Build.0 = Debug|Any CPU
		{11668439-5FD6-4E79-8087-2140D9577D61}.Release|Any CPU.ActiveCfg = Release|Any CPU
		{11668439-5FD6-4E79-8087-2140D9577D61}.Release|Any CPU.Build.0 = Release|Any CPU
		{3A39F7A6-6E21-482D-8F75-AC4AC03979EE}.Debug|Any CPU.ActiveCfg = Debug|Any CPU
		{3A39F7A6-6E21-482D-8F75-AC4AC03979EE}.Debug|Any CPU.Build.0 = Debug|Any CPU
		{3A39F7A6-6E21-482D-8F75-AC4AC03979EE}.Release|Any CPU.ActiveCfg = Release|Any CPU
		{3A39F7A6-6E21-482D-8F75-AC4AC03979EE}.Release|Any CPU.Build.0 = Release|Any CPU
		{4ACC4185-50BF-467C-9107-239EB2841514}.Debug|Any CPU.ActiveCfg = Debug|Any CPU
		{4ACC4185-50BF-467C-9107-239EB2841514}.Debug|Any CPU.Build.0 = Debug|Any CPU
		{4ACC4185-50BF-467C-9107-239EB2841514}.Release|Any CPU.ActiveCfg = Release|Any CPU
		{4ACC4185-50BF-467C-9107-239EB2841514}.Release|Any CPU.Build.0 = Release|Any CPU
	EndGlobalSection
	GlobalSection(SolutionProperties) = preSolution
		HideSolutionNode = FALSE
	EndGlobalSection
	GlobalSection(ExtensibilityGlobals) = postSolution
		SolutionGuid = {FDEF491F-40D1-4528-8D4F-8105FDFE0667}
	EndGlobalSection
EndGlobal
